
Microsoft Visual Studio Solution File, Format Version 12.00
# Visual Studio Version 16
VisualStudioVersion = 16.0.32802.440
MinimumVisualStudioVersion = 10.0.40219.1
Project("{9A19103F-16F7-4668-BE54-9A1E7A4F7556}") = "Pacagroup.Ecommerce.Transversal.Common", "Pacagroup.Ecommerce.Transversal.Common\Pacagroup.Ecommerce.Transversal.Common.csproj", "{65625ECA-2CED-40A8-885C-47EB7963DA28}"
EndProject
Project("{2150E333-8FDC-42A3-9474-1A3956D46DE8}") = "Transversal", "Transversal", "{4581A2A7-429D-4AF9-8EB4-66C546F13287}"
EndProject
Project("{2150E333-8FDC-42A3-9474-1A3956D46DE8}") = "Infraestructura", "Infraestructura", "{CCBA6DCD-F5D4-4A2A-BCF9-3E8BCBE3EBF0}"
EndProject
Project("{2150E333-8FDC-42A3-9474-1A3956D46DE8}") = "Dominio", "Dominio", "{E35FBC5A-0519-425C-8E88-97D26CAA081C}"
EndProject
Project("{2150E333-8FDC-42A3-9474-1A3956D46DE8}") = "Servicio", "Servicio", "{3CBA9CCE-3692-4AD5-A8E0-6202F774FAD3}"
EndProject
Project("{9A19103F-16F7-4668-BE54-9A1E7A4F7556}") = "Pacagroup.Ecommerce.Infraestructure.Data", "Pacagroup.Ecommerce.Infraestructure.Data\Pacagroup.Ecommerce.Infraestructure.Data.csproj", "{09A3A7C3-CA5D-4CD8-AB50-99FD30E5DA45}"
EndProject
Project("{9A19103F-16F7-4668-BE54-9A1E7A4F7556}") = "Pacagroup.Ecommerce.Infraestructure.Interface", "Pacagroup.Ecommerce.Infraestructure.Interface\Pacagroup.Ecommerce.Infraestructure.Interface.csproj", "{8ABC6BDA-698A-409D-89A6-9DC04E902D06}"
EndProject
Project("{9A19103F-16F7-4668-BE54-9A1E7A4F7556}") = "Pacagroup.Ecommerce.Domain.Entity", "Pacagroup.Ecommerce.Domain.Entity\Pacagroup.Ecommerce.Domain.Entity.csproj", "{87C8AA5A-A896-4884-B0E3-8BC271C3F264}"
EndProject
Project("{9A19103F-16F7-4668-BE54-9A1E7A4F7556}") = "Pacagroup.Ecommerce.Infraestructure.Repository", "Pacagroup.Ecommerce.Infraestructure.Repository\Pacagroup.Ecommerce.Infraestructure.Repository.csproj", "{6C176BB2-B390-40E2-9763-B8E176E4F6EE}"
EndProject
Project("{9A19103F-16F7-4668-BE54-9A1E7A4F7556}") = "Pacagroup.Ecommerce.Domain.Interface", "Pacagroup.Ecommerce.Domain.Interface\Pacagroup.Ecommerce.Domain.Interface.csproj", "{50F5DBB5-69E3-475A-AEBF-DF1D141453E4}"
EndProject
Project("{9A19103F-16F7-4668-BE54-9A1E7A4F7556}") = "Pacagroup.Ecommerce.Domain.Core", "Pacagroup.Ecommerce.Domain.Core\Pacagroup.Ecommerce.Domain.Core.csproj", "{4C8C269B-D838-4588-90E5-70F38FEAA3F3}"
EndProject
Project("{2150E333-8FDC-42A3-9474-1A3956D46DE8}") = "Aplicacion", "Aplicacion", "{1A98FE4A-B803-4CF7-8448-BDB9280EA29D}"
EndProject
Project("{FAE04EC0-301F-11D3-BF4B-00C04F79EFBC}") = "Pacagroup.Ecommerce.Application.DTO", "Pacagroup.Ecommerce.Application.DTO\Pacagroup.Ecommerce.Application.DTO.csproj", "{5A275305-390B-4A73-AC89-75200A1BA8D0}"
EndProject
Project("{FAE04EC0-301F-11D3-BF4B-00C04F79EFBC}") = "Pacagroup.Ecommerce.Transversal.Mapper", "Pacagroup.Ecommerce.Transversal.Mapper\Pacagroup.Ecommerce.Transversal.Mapper.csproj", "{0592525C-CA2C-4EF4-804B-8619D5C43D2A}"
EndProject
Project("{FAE04EC0-301F-11D3-BF4B-00C04F79EFBC}") = "Pacagroup.Ecommerce.Application.Interface", "Pacagroup.Ecommerce.Application.Interface\Pacagroup.Ecommerce.Application.Interface.csproj", "{AE580EFB-1A26-4ADE-9FBF-3C20AE27BA52}"
EndProject
Project("{FAE04EC0-301F-11D3-BF4B-00C04F79EFBC}") = "Pacagroup.Ecommerce.Application.Main", "Pacagroup.Ecommerce.Application.Main\Pacagroup.Ecommerce.Application.Main.csproj", "{B5293B4C-343C-4798-9A13-5637C64DC838}"
EndProject
Global
	GlobalSection(SolutionConfigurationPlatforms) = preSolution
		Debug|Any CPU = Debug|Any CPU
		Release|Any CPU = Release|Any CPU
	EndGlobalSection
	GlobalSection(ProjectConfigurationPlatforms) = postSolution
		{65625ECA-2CED-40A8-885C-47EB7963DA28}.Debug|Any CPU.ActiveCfg = Debug|Any CPU
		{65625ECA-2CED-40A8-885C-47EB7963DA28}.Debug|Any CPU.Build.0 = Debug|Any CPU
		{65625ECA-2CED-40A8-885C-47EB7963DA28}.Release|Any CPU.ActiveCfg = Release|Any CPU
		{65625ECA-2CED-40A8-885C-47EB7963DA28}.Release|Any CPU.Build.0 = Release|Any CPU
		{09A3A7C3-CA5D-4CD8-AB50-99FD30E5DA45}.Debug|Any CPU.ActiveCfg = Debug|Any CPU
		{09A3A7C3-CA5D-4CD8-AB50-99FD30E5DA45}.Debug|Any CPU.Build.0 = Debug|Any CPU
		{09A3A7C3-CA5D-4CD8-AB50-99FD30E5DA45}.Release|Any CPU.ActiveCfg = Release|Any CPU
		{09A3A7C3-CA5D-4CD8-AB50-99FD30E5DA45}.Release|Any CPU.Build.0 = Release|Any CPU
		{8ABC6BDA-698A-409D-89A6-9DC04E902D06}.Debug|Any CPU.ActiveCfg = Debug|Any CPU
		{8ABC6BDA-698A-409D-89A6-9DC04E902D06}.Debug|Any CPU.Build.0 = Debug|Any CPU
		{8ABC6BDA-698A-409D-89A6-9DC04E902D06}.Release|Any CPU.ActiveCfg = Release|Any CPU
		{8ABC6BDA-698A-409D-89A6-9DC04E902D06}.Release|Any CPU.Build.0 = Release|Any CPU
		{87C8AA5A-A896-4884-B0E3-8BC271C3F264}.Debug|Any CPU.ActiveCfg = Debug|Any CPU
		{87C8AA5A-A896-4884-B0E3-8BC271C3F264}.Debug|Any CPU.Build.0 = Debug|Any CPU
		{87C8AA5A-A896-4884-B0E3-8BC271C3F264}.Release|Any CPU.ActiveCfg = Release|Any CPU
		{87C8AA5A-A896-4884-B0E3-8BC271C3F264}.Release|Any CPU.Build.0 = Release|Any CPU
		{6C176BB2-B390-40E2-9763-B8E176E4F6EE}.Debug|Any CPU.ActiveCfg = Debug|Any CPU
		{6C176BB2-B390-40E2-9763-B8E176E4F6EE}.Debug|Any CPU.Build.0 = Debug|Any CPU
		{6C176BB2-B390-40E2-9763-B8E176E4F6EE}.Release|Any CPU.ActiveCfg = Release|Any CPU
		{6C176BB2-B390-40E2-9763-B8E176E4F6EE}.Release|Any CPU.Build.0 = Release|Any CPU
		{50F5DBB5-69E3-475A-AEBF-DF1D141453E4}.Debug|Any CPU.ActiveCfg = Debug|Any CPU
		{50F5DBB5-69E3-475A-AEBF-DF1D141453E4}.Debug|Any CPU.Build.0 = Debug|Any CPU
		{50F5DBB5-69E3-475A-AEBF-DF1D141453E4}.Release|Any CPU.ActiveCfg = Release|Any CPU
		{50F5DBB5-69E3-475A-AEBF-DF1D141453E4}.Release|Any CPU.Build.0 = Release|Any CPU
		{4C8C269B-D838-4588-90E5-70F38FEAA3F3}.Debug|Any CPU.ActiveCfg = Debug|Any CPU
		{4C8C269B-D838-4588-90E5-70F38FEAA3F3}.Debug|Any CPU.Build.0 = Debug|Any CPU
		{4C8C269B-D838-4588-90E5-70F38FEAA3F3}.Release|Any CPU.ActiveCfg = Release|Any CPU
		{4C8C269B-D838-4588-90E5-70F38FEAA3F3}.Release|Any CPU.Build.0 = Release|Any CPU
		{5A275305-390B-4A73-AC89-75200A1BA8D0}.Debug|Any CPU.ActiveCfg = Debug|Any CPU
		{5A275305-390B-4A73-AC89-75200A1BA8D0}.Debug|Any CPU.Build.0 = Debug|Any CPU
		{5A275305-390B-4A73-AC89-75200A1BA8D0}.Release|Any CPU.ActiveCfg = Release|Any CPU
		{5A275305-390B-4A73-AC89-75200A1BA8D0}.Release|Any CPU.Build.0 = Release|Any CPU
		{0592525C-CA2C-4EF4-804B-8619D5C43D2A}.Debug|Any CPU.ActiveCfg = Debug|Any CPU
		{0592525C-CA2C-4EF4-804B-8619D5C43D2A}.Debug|Any CPU.Build.0 = Debug|Any CPU
		{0592525C-CA2C-4EF4-804B-8619D5C43D2A}.Release|Any CPU.ActiveCfg = Release|Any CPU
		{0592525C-CA2C-4EF4-804B-8619D5C43D2A}.Release|Any CPU.Build.0 = Release|Any CPU
		{AE580EFB-1A26-4ADE-9FBF-3C20AE27BA52}.Debug|Any CPU.ActiveCfg = Debug|Any CPU
		{AE580EFB-1A26-4ADE-9FBF-3C20AE27BA52}.Debug|Any CPU.Build.0 = Debug|Any CPU
		{AE580EFB-1A26-4ADE-9FBF-3C20AE27BA52}.Release|Any CPU.ActiveCfg = Release|Any CPU
		{AE580EFB-1A26-4ADE-9FBF-3C20AE27BA52}.Release|Any CPU.Build.0 = Release|Any CPU
		{B5293B4C-343C-4798-9A13-5637C64DC838}.Debug|Any CPU.ActiveCfg = Debug|Any CPU
		{B5293B4C-343C-4798-9A13-5637C64DC838}.Debug|Any CPU.Build.0 = Debug|Any CPU
		{B5293B4C-343C-4798-9A13-5637C64DC838}.Release|Any CPU.ActiveCfg = Release|Any CPU
		{B5293B4C-343C-4798-9A13-5637C64DC838}.Release|Any CPU.Build.0 = Release|Any CPU
	EndGlobalSection
	GlobalSection(SolutionProperties) = preSolution
		HideSolutionNode = FALSE
	EndGlobalSection
	GlobalSection(NestedProjects) = preSolution
		{65625ECA-2CED-40A8-885C-47EB7963DA28} = {4581A2A7-429D-4AF9-8EB4-66C546F13287}
		{09A3A7C3-CA5D-4CD8-AB50-99FD30E5DA45} = {CCBA6DCD-F5D4-4A2A-BCF9-3E8BCBE3EBF0}
		{8ABC6BDA-698A-409D-89A6-9DC04E902D06} = {CCBA6DCD-F5D4-4A2A-BCF9-3E8BCBE3EBF0}
		{87C8AA5A-A896-4884-B0E3-8BC271C3F264} = {E35FBC5A-0519-425C-8E88-97D26CAA081C}
		{6C176BB2-B390-40E2-9763-B8E176E4F6EE} = {CCBA6DCD-F5D4-4A2A-BCF9-3E8BCBE3EBF0}
		{50F5DBB5-69E3-475A-AEBF-DF1D141453E4} = {E35FBC5A-0519-425C-8E88-97D26CAA081C}
		{4C8C269B-D838-4588-90E5-70F38FEAA3F3} = {E35FBC5A-0519-425C-8E88-97D26CAA081C}
		{5A275305-390B-4A73-AC89-75200A1BA8D0} = {1A98FE4A-B803-4CF7-8448-BDB9280EA29D}
		{0592525C-CA2C-4EF4-804B-8619D5C43D2A} = {4581A2A7-429D-4AF9-8EB4-66C546F13287}
		{AE580EFB-1A26-4ADE-9FBF-3C20AE27BA52} = {1A98FE4A-B803-4CF7-8448-BDB9280EA29D}
		{B5293B4C-343C-4798-9A13-5637C64DC838} = {1A98FE4A-B803-4CF7-8448-BDB9280EA29D}
	EndGlobalSection
	GlobalSection(ExtensibilityGlobals) = postSolution
		SolutionGuid = {70EB3D58-CD15-4A40-AF7B-5CA2F90612CB}
	EndGlobalSection
EndGlobal
